
Microsoft Visual Studio Solution File, Format Version 12.00
# Visual Studio Version 17
VisualStudioVersion = 17.12.35527.113 d17.12
MinimumVisualStudioVersion = 10.0.40219.1
Project("{FAE04EC0-301F-11D3-BF4B-00C04F79EFBC}") = "Task 15", "Task 15.csproj", "{A005BBC4-BA0C-43F1-A128-F8F9EA8CF577}"
EndProject
Global
	GlobalSection(SolutionConfigurationPlatforms) = preSolution
		Debug|Any CPU = Debug|Any CPU
		Release|Any CPU = Release|Any CPU
	EndGlobalSection
	GlobalSection(ProjectConfigurationPlatforms) = postSolution
		{A005BBC4-BA0C-43F1-A128-F8F9EA8CF577}.Debug|Any CPU.ActiveCfg = Debug|Any CPU
		{A005BBC4-BA0C-43F1-A128-F8F9EA8CF577}.Debug|Any CPU.Build.0 = Debug|Any CPU
		{A005BBC4-BA0C-43F1-A128-F8F9EA8CF577}.Release|Any CPU.ActiveCfg = Release|Any CPU
		{A005BBC4-BA0C-43F1-A128-F8F9EA8CF577}.Release|Any CPU.Build.0 = Release|Any CPU
	EndGlobalSection
	GlobalSection(SolutionProperties) = preSolution
		HideSolutionNode = FALSE
	EndGlobalSection
EndGlobal
