
Microsoft Visual Studio Solution File, Format Version 12.00
# Visual Studio Version 17
VisualStudioVersion = 17.12.35527.113 d17.12
MinimumVisualStudioVersion = 10.0.40219.1
Project("{FAE04EC0-301F-11D3-BF4B-00C04F79EFBC}") = "Task 6", "Task 6.csproj", "{B239F852-D794-452C-8F78-22CE6222F1DC}"
EndProject
Global
	GlobalSection(SolutionConfigurationPlatforms) = preSolution
		Debug|Any CPU = Debug|Any CPU
		Release|Any CPU = Release|Any CPU
	EndGlobalSection
	GlobalSection(ProjectConfigurationPlatforms) = postSolution
		{B239F852-D794-452C-8F78-22CE6222F1DC}.Debug|Any CPU.ActiveCfg = Debug|Any CPU
		{B239F852-D794-452C-8F78-22CE6222F1DC}.Debug|Any CPU.Build.0 = Debug|Any CPU
		{B239F852-D794-452C-8F78-22CE6222F1DC}.Release|Any CPU.ActiveCfg = Release|Any CPU
		{B239F852-D794-452C-8F78-22CE6222F1DC}.Release|Any CPU.Build.0 = Release|Any CPU
	EndGlobalSection
	GlobalSection(SolutionProperties) = preSolution
		HideSolutionNode = FALSE
	EndGlobalSection
EndGlobal
